
Microsoft Visual Studio Solution File, Format Version 12.00
# Visual Studio 14
VisualStudioVersion = 14.0.25420.1
MinimumVisualStudioVersion = 10.0.40219.1
Project("{FAE04EC0-301F-11D3-BF4B-00C04F79EFBC}") = "Walrus.TypeScript", "Walrus.TypeScript\Walrus.TypeScript.csproj", "{D6D020EF-D746-418D-B406-776E9CC32AF9}"
EndProject
Project("{8BC9CEB8-8B4A-11D0-8D11-00A0C91BC942}") = "Walrus", "Walrus\Walrus.vcxproj", "{15E9D386-3466-40B1-8CD9-ADC4CB168DA0}"
EndProject
Project("{8BC9CEB8-8B4A-11D0-8D11-00A0C91BC942}") = "Walrus.Tests", "Walrus.Tests\Walrus.Tests.vcxproj", "{6865A548-E7A3-4BF5-A8E7-1A4A6DD7E6A4}"
EndProject
Project("{8BC9CEB8-8B4A-11D0-8D11-00A0C91BC942}") = "Walrus.dll", "Walrus\Walrus.dll.vcxproj", "{781D57BD-66D7-4353-AD82-12EEE6B074A2}"
EndProject
Global
	GlobalSection(SolutionConfigurationPlatforms) = preSolution
		Debug|Any CPU = Debug|Any CPU
		Debug|x64 = Debug|x64
		Debug|x86 = Debug|x86
		Release|Any CPU = Release|Any CPU
		Release|x64 = Release|x64
		Release|x86 = Release|x86
	EndGlobalSection
	GlobalSection(ProjectConfigurationPlatforms) = postSolution
		{D6D020EF-D746-418D-B406-776E9CC32AF9}.Debug|Any CPU.ActiveCfg = Debug|Any CPU
		{D6D020EF-D746-418D-B406-776E9CC32AF9}.Debug|Any CPU.Build.0 = Debug|Any CPU
		{D6D020EF-D746-418D-B406-776E9CC32AF9}.Debug|x64.ActiveCfg = Debug|Any CPU
		{D6D020EF-D746-418D-B406-776E9CC32AF9}.Debug|x64.Build.0 = Debug|Any CPU
		{D6D020EF-D746-418D-B406-776E9CC32AF9}.Debug|x86.ActiveCfg = Debug|Any CPU
		{D6D020EF-D746-418D-B406-776E9CC32AF9}.Debug|x86.Build.0 = Debug|Any CPU
		{D6D020EF-D746-418D-B406-776E9CC32AF9}.Release|Any CPU.ActiveCfg = Release|Any CPU
		{D6D020EF-D746-418D-B406-776E9CC32AF9}.Release|Any CPU.Build.0 = Release|Any CPU
		{D6D020EF-D746-418D-B406-776E9CC32AF9}.Release|x64.ActiveCfg = Release|Any CPU
		{D6D020EF-D746-418D-B406-776E9CC32AF9}.Release|x64.Build.0 = Release|Any CPU
		{D6D020EF-D746-418D-B406-776E9CC32AF9}.Release|x86.ActiveCfg = Release|Any CPU
		{D6D020EF-D746-418D-B406-776E9CC32AF9}.Release|x86.Build.0 = Release|Any CPU
		{15E9D386-3466-40B1-8CD9-ADC4CB168DA0}.Debug|Any CPU.ActiveCfg = Debug|x64
		{15E9D386-3466-40B1-8CD9-ADC4CB168DA0}.Debug|x64.ActiveCfg = Debug|x64
		{15E9D386-3466-40B1-8CD9-ADC4CB168DA0}.Debug|x64.Build.0 = Debug|x64
		{15E9D386-3466-40B1-8CD9-ADC4CB168DA0}.Debug|x86.ActiveCfg = Debug|Win32
		{15E9D386-3466-40B1-8CD9-ADC4CB168DA0}.Debug|x86.Build.0 = Debug|Win32
		{15E9D386-3466-40B1-8CD9-ADC4CB168DA0}.Release|Any CPU.ActiveCfg = Release|x64
		{15E9D386-3466-40B1-8CD9-ADC4CB168DA0}.Release|x64.ActiveCfg = Release|x64
		{15E9D386-3466-40B1-8CD9-ADC4CB168DA0}.Release|x64.Build.0 = Release|x64
		{15E9D386-3466-40B1-8CD9-ADC4CB168DA0}.Release|x86.ActiveCfg = Release|Win32
		{15E9D386-3466-40B1-8CD9-ADC4CB168DA0}.Release|x86.Build.0 = Release|Win32
		{6865A548-E7A3-4BF5-A8E7-1A4A6DD7E6A4}.Debug|Any CPU.ActiveCfg = Debug|x64
		{6865A548-E7A3-4BF5-A8E7-1A4A6DD7E6A4}.Debug|x64.ActiveCfg = Debug|x64
		{6865A548-E7A3-4BF5-A8E7-1A4A6DD7E6A4}.Debug|x64.Build.0 = Debug|x64
		{6865A548-E7A3-4BF5-A8E7-1A4A6DD7E6A4}.Debug|x86.ActiveCfg = Debug|Win32
		{6865A548-E7A3-4BF5-A8E7-1A4A6DD7E6A4}.Debug|x86.Build.0 = Debug|Win32
		{6865A548-E7A3-4BF5-A8E7-1A4A6DD7E6A4}.Release|Any CPU.ActiveCfg = Release|x64
		{6865A548-E7A3-4BF5-A8E7-1A4A6DD7E6A4}.Release|x64.ActiveCfg = Release|x64
		{6865A548-E7A3-4BF5-A8E7-1A4A6DD7E6A4}.Release|x64.Build.0 = Release|x64
		{6865A548-E7A3-4BF5-A8E7-1A4A6DD7E6A4}.Release|x86.ActiveCfg = Release|Win32
		{6865A548-E7A3-4BF5-A8E7-1A4A6DD7E6A4}.Release|x86.Build.0 = Release|Win32
		{781D57BD-66D7-4353-AD82-12EEE6B074A2}.Debug|Any CPU.ActiveCfg = Debug|x64
		{781D57BD-66D7-4353-AD82-12EEE6B074A2}.Debug|x64.ActiveCfg = Debug|x64
		{781D57BD-66D7-4353-AD82-12EEE6B074A2}.Debug|x64.Build.0 = Debug|x64
		{781D57BD-66D7-4353-AD82-12EEE6B074A2}.Debug|x86.ActiveCfg = Debug|Win32
		{781D57BD-66D7-4353-AD82-12EEE6B074A2}.Debug|x86.Build.0 = Debug|Win32
		{781D57BD-66D7-4353-AD82-12EEE6B074A2}.Release|Any CPU.ActiveCfg = Release|x64
		{781D57BD-66D7-4353-AD82-12EEE6B074A2}.Release|x64.ActiveCfg = Release|x64
		{781D57BD-66D7-4353-AD82-12EEE6B074A2}.Release|x64.Build.0 = Release|x64
		{781D57BD-66D7-4353-AD82-12EEE6B074A2}.Release|x86.ActiveCfg = Release|Win32
		{781D57BD-66D7-4353-AD82-12EEE6B074A2}.Release|x86.Build.0 = Release|Win32
	EndGlobalSection
	GlobalSection(SolutionProperties) = preSolution
		HideSolutionNode = FALSE
	EndGlobalSection
EndGlobal
